{
  "name": "corefmapp",
  "version": "1.1.770",
  "lockfileVersion": 1,
  "requires": true,
  "dependencies": {
    "currency-symbol-map": {
      "version": "5.0.1",
      "resolved": "https://registry.npmjs.org/currency-symbol-map/-/currency-symbol-map-5.0.1.tgz",
      "integrity": "sha512-2yHvoVBPIS9Dx7fjritu9l7UHWo4Z3D2oQnQj8AYwUee2j/PAcoHB4issCqwabfbipISZ/iG6vVYsfrAoks2eA=="
    }
  }
}
