{
  "name": "corefmapp",
  "version": "1.1.781",
  "lockfileVersion": 2,
  "requires": true,
  "packages": {
    "": {
      "name": "corefmapp",
      "version": "1.1.781",
      "license": "ISC",
      "dependencies": {
        "currency-symbol-map": "^5.0.1"
      },
      "devDependencies": {
        "typescript": "^3.9.3"
      }
    },
    "node_modules/currency-symbol-map": {
      "version": "5.0.1",
      "resolved": "https://registry.npmjs.org/currency-symbol-map/-/currency-symbol-map-5.0.1.tgz",
      "integrity": "sha512-2yHvoVBPIS9Dx7fjritu9l7UHWo4Z3D2oQnQj8AYwUee2j/PAcoHB4issCqwabfbipISZ/iG6vVYsfrAoks2eA=="
    },
    "node_modules/typescript": {
      "version": "3.9.10",
      "resolved": "https://registry.npmjs.org/typescript/-/typescript-3.9.10.tgz",
      "integrity": "sha512-w6fIxVE/H1PkLKcCPsFqKE7Kv7QUwhU8qQY2MueZXWx5cPZdwFupLgKK3vntcK98BtNHZtAF4LA/yl2a7k8R6Q==",
      "dev": true,
      "bin": {
        "tsc": "bin/tsc",
        "tsserver": "bin/tsserver"
      },
      "engines": {
        "node": ">=4.2.0"
      }
    }
  },
  "dependencies": {
    "currency-symbol-map": {
      "version": "5.0.1",
      "resolved": "https://registry.npmjs.org/currency-symbol-map/-/currency-symbol-map-5.0.1.tgz",
      "integrity": "sha512-2yHvoVBPIS9Dx7fjritu9l7UHWo4Z3D2oQnQj8AYwUee2j/PAcoHB4issCqwabfbipISZ/iG6vVYsfrAoks2eA=="
    },
    "typescript": {
      "version": "3.9.10",
      "resolved": "https://registry.npmjs.org/typescript/-/typescript-3.9.10.tgz",
      "integrity": "sha512-w6fIxVE/H1PkLKcCPsFqKE7Kv7QUwhU8qQY2MueZXWx5cPZdwFupLgKK3vntcK98BtNHZtAF4LA/yl2a7k8R6Q==",
      "dev": true
    }
  }
}
